
Microsoft Visual Studio Solution File, Format Version 12.00
# Visual Studio Version 16
VisualStudioVersion = 16.0.30309.148
MinimumVisualStudioVersion = 10.0.40219.1
Project("{FAE04EC0-301F-11D3-BF4B-00C04F79EFBC}") = "AppGestionDeTesis", "AppGestionDeTesis.csproj", "{CFB36E4E-53BB-4A6D-B54E-46B08C777882}"
EndProject
Project("{FAE04EC0-301F-11D3-BF4B-00C04F79EFBC}") = "LibClases", "..\LibClases\LibClases.csproj", "{947AD803-B84E-4500-AD69-6A057280C99B}"
EndProject
Project("{FAE04EC0-301F-11D3-BF4B-00C04F79EFBC}") = "LibFormularios", "..\LibFormularios\LibFormularios.csproj", "{BB0ED97C-C53F-4DC7-A2F9-57340A12CB26}"
EndProject
Global
	GlobalSection(SolutionConfigurationPlatforms) = preSolution
		Debug|Any CPU = Debug|Any CPU
		Release|Any CPU = Release|Any CPU
	EndGlobalSection
	GlobalSection(ProjectConfigurationPlatforms) = postSolution
		{CFB36E4E-53BB-4A6D-B54E-46B08C777882}.Debug|Any CPU.ActiveCfg = Debug|Any CPU
		{CFB36E4E-53BB-4A6D-B54E-46B08C777882}.Debug|Any CPU.Build.0 = Debug|Any CPU
		{CFB36E4E-53BB-4A6D-B54E-46B08C777882}.Release|Any CPU.ActiveCfg = Release|Any CPU
		{CFB36E4E-53BB-4A6D-B54E-46B08C777882}.Release|Any CPU.Build.0 = Release|Any CPU
		{947AD803-B84E-4500-AD69-6A057280C99B}.Debug|Any CPU.ActiveCfg = Debug|Any CPU
		{947AD803-B84E-4500-AD69-6A057280C99B}.Debug|Any CPU.Build.0 = Debug|Any CPU
		{947AD803-B84E-4500-AD69-6A057280C99B}.Release|Any CPU.ActiveCfg = Release|Any CPU
		{947AD803-B84E-4500-AD69-6A057280C99B}.Release|Any CPU.Build.0 = Release|Any CPU
		{BB0ED97C-C53F-4DC7-A2F9-57340A12CB26}.Debug|Any CPU.ActiveCfg = Debug|Any CPU
		{BB0ED97C-C53F-4DC7-A2F9-57340A12CB26}.Debug|Any CPU.Build.0 = Debug|Any CPU
		{BB0ED97C-C53F-4DC7-A2F9-57340A12CB26}.Release|Any CPU.ActiveCfg = Release|Any CPU
		{BB0ED97C-C53F-4DC7-A2F9-57340A12CB26}.Release|Any CPU.Build.0 = Release|Any CPU
	EndGlobalSection
	GlobalSection(SolutionProperties) = preSolution
		HideSolutionNode = FALSE
	EndGlobalSection
	GlobalSection(ExtensibilityGlobals) = postSolution
		SolutionGuid = {5E6703EB-5598-4608-A8C9-EA6E34D66BFA}
	EndGlobalSection
EndGlobal
